// !$*UTF8*$!
{
	archiveVersion = 1;
	classes = {
	};
	objectVersion = 56;
	objects = {

/* Begin PBXBuildFile section */
		B8350A562C797838008BD44B /* AppTextField.swift in Sources */ = {isa = PBXBuildFile; fileRef = B8350A552C797838008BD44B /* AppTextField.swift */; };
		B8350A592C797A4B008BD44B /* AppSecureField.swift in Sources */ = {isa = PBXBuildFile; fileRef = B8350A582C797A4B008BD44B /* AppSecureField.swift */; };
		B8350A5B2C797AB5008BD44B /* SignInView.swift in Sources */ = {isa = PBXBuildFile; fileRef = B8350A5A2C797AB5008BD44B /* SignInView.swift */; };
		B8350A5D2C797D71008BD44B /* RegistrationView.swift in Sources */ = {isa = PBXBuildFile; fileRef = B8350A5C2C797D71008BD44B /* RegistrationView.swift */; };
		B846311D2C73BAE200BB5B6E /* UserDefaultsFunctions.swift in Sources */ = {isa = PBXBuildFile; fileRef = B846311C2C73BAE200BB5B6E /* UserDefaultsFunctions.swift */; };
		B846311F2C73D19A00BB5B6E /* LocationView.swift in Sources */ = {isa = PBXBuildFile; fileRef = B846311E2C73D19A00BB5B6E /* LocationView.swift */; };
		B84631212C73D3D200BB5B6E /* MyCoordinatesModel.swift in Sources */ = {isa = PBXBuildFile; fileRef = B84631202C73D3D200BB5B6E /* MyCoordinatesModel.swift */; };
		B8A3DE742C60150900F3233E /* UserManagementQuickStartApp.swift in Sources */ = {isa = PBXBuildFile; fileRef = B8A3DE732C60150900F3233E /* UserManagementQuickStartApp.swift */; };
		B8A3DE782C60150B00F3233E /* Assets.xcassets in Resources */ = {isa = PBXBuildFile; fileRef = B8A3DE772C60150B00F3233E /* Assets.xcassets */; };
		B8A3DE7B2C60150B00F3233E /* Preview Assets.xcassets in Resources */ = {isa = PBXBuildFile; fileRef = B8A3DE7A2C60150B00F3233E /* Preview Assets.xcassets */; };
		B8A3DE832C60166B00F3233E /* Supabase in Frameworks */ = {isa = PBXBuildFile; productRef = B8A3DE822C60166B00F3233E /* Supabase */; };
		B8A3DE852C60169200F3233E /* Supabase.swift in Sources */ = {isa = PBXBuildFile; fileRef = B8A3DE842C60169200F3233E /* Supabase.swift */; };
		B8A3DE872C60899B00F3233E /* AuthView.swift in Sources */ = {isa = PBXBuildFile; fileRef = B8A3DE862C60899B00F3233E /* AuthView.swift */; };
		B8A3DE8A2C608E2D00F3233E /* ProfileView.swift in Sources */ = {isa = PBXBuildFile; fileRef = B8A3DE892C608E2D00F3233E /* ProfileView.swift */; };
		B8A3DE8C2C608ECE00F3233E /* Models.swift in Sources */ = {isa = PBXBuildFile; fileRef = B8A3DE8B2C608ECE00F3233E /* Models.swift */; };
		B8A3DE8E2C60A5F600F3233E /* AppView.swift in Sources */ = {isa = PBXBuildFile; fileRef = B8A3DE8D2C60A5F600F3233E /* AppView.swift */; };
		B8A3DE902C60A79C00F3233E /* AvatarImage.swift in Sources */ = {isa = PBXBuildFile; fileRef = B8A3DE8F2C60A79C00F3233E /* AvatarImage.swift */; };
		B8A3DE922C614A3E00F3233E /* GameView.swift in Sources */ = {isa = PBXBuildFile; fileRef = B8A3DE912C614A3E00F3233E /* GameView.swift */; };
		B8A3DE942C614F9F00F3233E /* SupabaseFunctions.swift in Sources */ = {isa = PBXBuildFile; fileRef = B8A3DE932C614F9F00F3233E /* SupabaseFunctions.swift */; };
		B8A3DE962C61A0FE00F3233E /* Leaderboards.swift in Sources */ = {isa = PBXBuildFile; fileRef = B8A3DE952C61A0FE00F3233E /* Leaderboards.swift */; };
		B8A3DE982C61A20C00F3233E /* LeaderBoardCell.swift in Sources */ = {isa = PBXBuildFile; fileRef = B8A3DE972C61A20C00F3233E /* LeaderBoardCell.swift */; };
		B8A3DE9A2C61C32200F3233E /* ListingView.swift in Sources */ = {isa = PBXBuildFile; fileRef = B8A3DE992C61C32200F3233E /* ListingView.swift */; };
		B8CF60CB2C69933900907290 /* Adhan in Frameworks */ = {isa = PBXBuildFile; productRef = B8CF60CA2C69933900907290 /* Adhan */; };
		B8CF60D12C6AC98100907290 /* ContentView.swift in Sources */ = {isa = PBXBuildFile; fileRef = B8CF60D02C6AC98100907290 /* ContentView.swift */; };
		B8CF60D32C6ACBA500907290 /* LocationManager.swift in Sources */ = {isa = PBXBuildFile; fileRef = B8CF60D22C6ACBA500907290 /* LocationManager.swift */; };
/* End PBXBuildFile section */

/* Begin PBXFileReference section */
		B8350A552C797838008BD44B /* AppTextField.swift */ = {isa = PBXFileReference; lastKnownFileType = sourcecode.swift; path = AppTextField.swift; sourceTree = "<group>"; };
		B8350A582C797A4B008BD44B /* AppSecureField.swift */ = {isa = PBXFileReference; lastKnownFileType = sourcecode.swift; path = AppSecureField.swift; sourceTree = "<group>"; };
		B8350A5A2C797AB5008BD44B /* SignInView.swift */ = {isa = PBXFileReference; lastKnownFileType = sourcecode.swift; path = SignInView.swift; sourceTree = "<group>"; };
		B8350A5C2C797D71008BD44B /* RegistrationView.swift */ = {isa = PBXFileReference; lastKnownFileType = sourcecode.swift; path = RegistrationView.swift; sourceTree = "<group>"; };
		B846311C2C73BAE200BB5B6E /* UserDefaultsFunctions.swift */ = {isa = PBXFileReference; lastKnownFileType = sourcecode.swift; path = UserDefaultsFunctions.swift; sourceTree = "<group>"; };
		B846311E2C73D19A00BB5B6E /* LocationView.swift */ = {isa = PBXFileReference; lastKnownFileType = sourcecode.swift; path = LocationView.swift; sourceTree = "<group>"; };
		B84631202C73D3D200BB5B6E /* MyCoordinatesModel.swift */ = {isa = PBXFileReference; lastKnownFileType = sourcecode.swift; path = MyCoordinatesModel.swift; sourceTree = "<group>"; };
		B8A3DE702C60150900F3233E /* UserManagementQuickStart.app */ = {isa = PBXFileReference; explicitFileType = wrapper.application; includeInIndex = 0; path = UserManagementQuickStart.app; sourceTree = BUILT_PRODUCTS_DIR; };
		B8A3DE732C60150900F3233E /* UserManagementQuickStartApp.swift */ = {isa = PBXFileReference; lastKnownFileType = sourcecode.swift; path = UserManagementQuickStartApp.swift; sourceTree = "<group>"; };
		B8A3DE772C60150B00F3233E /* Assets.xcassets */ = {isa = PBXFileReference; lastKnownFileType = folder.assetcatalog; path = Assets.xcassets; sourceTree = "<group>"; };
		B8A3DE7A2C60150B00F3233E /* Preview Assets.xcassets */ = {isa = PBXFileReference; lastKnownFileType = folder.assetcatalog; path = "Preview Assets.xcassets"; sourceTree = "<group>"; };
		B8A3DE842C60169200F3233E /* Supabase.swift */ = {isa = PBXFileReference; lastKnownFileType = sourcecode.swift; path = Supabase.swift; sourceTree = "<group>"; };
		B8A3DE862C60899B00F3233E /* AuthView.swift */ = {isa = PBXFileReference; lastKnownFileType = sourcecode.swift; path = AuthView.swift; sourceTree = "<group>"; };
		B8A3DE882C608DAB00F3233E /* Info.plist */ = {isa = PBXFileReference; lastKnownFileType = text.plist; path = Info.plist; sourceTree = "<group>"; };
		B8A3DE892C608E2D00F3233E /* ProfileView.swift */ = {isa = PBXFileReference; lastKnownFileType = sourcecode.swift; path = ProfileView.swift; sourceTree = "<group>"; };
		B8A3DE8B2C608ECE00F3233E /* Models.swift */ = {isa = PBXFileReference; lastKnownFileType = sourcecode.swift; path = Models.swift; sourceTree = "<group>"; };
		B8A3DE8D2C60A5F600F3233E /* AppView.swift */ = {isa = PBXFileReference; lastKnownFileType = sourcecode.swift; path = AppView.swift; sourceTree = "<group>"; };
		B8A3DE8F2C60A79C00F3233E /* AvatarImage.swift */ = {isa = PBXFileReference; lastKnownFileType = sourcecode.swift; path = AvatarImage.swift; sourceTree = "<group>"; };
		B8A3DE912C614A3E00F3233E /* GameView.swift */ = {isa = PBXFileReference; lastKnownFileType = sourcecode.swift; path = GameView.swift; sourceTree = "<group>"; };
		B8A3DE932C614F9F00F3233E /* SupabaseFunctions.swift */ = {isa = PBXFileReference; lastKnownFileType = sourcecode.swift; path = SupabaseFunctions.swift; sourceTree = "<group>"; };
		B8A3DE952C61A0FE00F3233E /* Leaderboards.swift */ = {isa = PBXFileReference; lastKnownFileType = sourcecode.swift; path = Leaderboards.swift; sourceTree = "<group>"; };
		B8A3DE972C61A20C00F3233E /* LeaderBoardCell.swift */ = {isa = PBXFileReference; lastKnownFileType = sourcecode.swift; path = LeaderBoardCell.swift; sourceTree = "<group>"; };
		B8A3DE992C61C32200F3233E /* ListingView.swift */ = {isa = PBXFileReference; lastKnownFileType = sourcecode.swift; path = ListingView.swift; sourceTree = "<group>"; };
		B8CF60D02C6AC98100907290 /* ContentView.swift */ = {isa = PBXFileReference; lastKnownFileType = sourcecode.swift; path = ContentView.swift; sourceTree = "<group>"; };
		B8CF60D22C6ACBA500907290 /* LocationManager.swift */ = {isa = PBXFileReference; lastKnownFileType = sourcecode.swift; path = LocationManager.swift; sourceTree = "<group>"; };
/* End PBXFileReference section */

/* Begin PBXFrameworksBuildPhase section */
		B8A3DE6D2C60150900F3233E /* Frameworks */ = {
			isa = PBXFrameworksBuildPhase;
			buildActionMask = 2147483647;
			files = (
				B8A3DE832C60166B00F3233E /* Supabase in Frameworks */,
				B8CF60CB2C69933900907290 /* Adhan in Frameworks */,
			);
			runOnlyForDeploymentPostprocessing = 0;
		};
/* End PBXFrameworksBuildPhase section */

/* Begin PBXGroup section */
		B84631222C73EDF200BB5B6E /* Frameworks */ = {
			isa = PBXGroup;
			children = (
			);
			name = Frameworks;
			sourceTree = "<group>";
		};
		B8A3DE672C60150900F3233E = {
			isa = PBXGroup;
			children = (
				B8A3DE722C60150900F3233E /* UserManagementQuickStart */,
				B8A3DE712C60150900F3233E /* Products */,
				B84631222C73EDF200BB5B6E /* Frameworks */,
			);
			sourceTree = "<group>";
		};
		B8A3DE712C60150900F3233E /* Products */ = {
			isa = PBXGroup;
			children = (
				B8A3DE702C60150900F3233E /* UserManagementQuickStart.app */,
			);
			name = Products;
			sourceTree = "<group>";
		};
		B8A3DE722C60150900F3233E /* UserManagementQuickStart */ = {
			isa = PBXGroup;
			children = (
				B8A3DE882C608DAB00F3233E /* Info.plist */,
				B8A3DE732C60150900F3233E /* UserManagementQuickStartApp.swift */,
				B8350A552C797838008BD44B /* AppTextField.swift */,
				B8350A5A2C797AB5008BD44B /* SignInView.swift */,
				B8350A5C2C797D71008BD44B /* RegistrationView.swift */,
				B8350A582C797A4B008BD44B /* AppSecureField.swift */,
				B8CF60CC2C6AC70800907290 /* Views */,
				B8CF60CD2C6AC74100907290 /* SwiftFiles */,
				B8A3DE772C60150B00F3233E /* Assets.xcassets */,
				B8A3DE792C60150B00F3233E /* Preview Content */,
			);
			path = UserManagementQuickStart;
			sourceTree = "<group>";
		};
		B8A3DE792C60150B00F3233E /* Preview Content */ = {
			isa = PBXGroup;
			children = (
				B8A3DE7A2C60150B00F3233E /* Preview Assets.xcassets */,
			);
			path = "Preview Content";
			sourceTree = "<group>";
		};
		B8CF60CC2C6AC70800907290 /* Views */ = {
			isa = PBXGroup;
			children = (
				B8A3DE862C60899B00F3233E /* AuthView.swift */,
				B8A3DE8D2C60A5F600F3233E /* AppView.swift */,
				B8CF60D02C6AC98100907290 /* ContentView.swift */,
				B8A3DE952C61A0FE00F3233E /* Leaderboards.swift */,
				B846311E2C73D19A00BB5B6E /* LocationView.swift */,
				B8A3DE972C61A20C00F3233E /* LeaderBoardCell.swift */,
				B8A3DE992C61C32200F3233E /* ListingView.swift */,
				B8A3DE892C608E2D00F3233E /* ProfileView.swift */,
				B8A3DE912C614A3E00F3233E /* GameView.swift */,
			);
			path = Views;
			sourceTree = "<group>";
		};
		B8CF60CD2C6AC74100907290 /* SwiftFiles */ = {
			isa = PBXGroup;
			children = (
				B8A3DE8B2C608ECE00F3233E /* Models.swift */,
				B8A3DE932C614F9F00F3233E /* SupabaseFunctions.swift */,
				B84631202C73D3D200BB5B6E /* MyCoordinatesModel.swift */,
				B846311C2C73BAE200BB5B6E /* UserDefaultsFunctions.swift */,
				B8A3DE8F2C60A79C00F3233E /* AvatarImage.swift */,
				B8A3DE842C60169200F3233E /* Supabase.swift */,
				B8CF60D22C6ACBA500907290 /* LocationManager.swift */,
			);
			path = SwiftFiles;
			sourceTree = "<group>";
		};
/* End PBXGroup section */

/* Begin PBXNativeTarget section */
		B8A3DE6F2C60150900F3233E /* UserManagementQuickStart */ = {
			isa = PBXNativeTarget;
			buildConfigurationList = B8A3DE7E2C60150B00F3233E /* Build configuration list for PBXNativeTarget "UserManagementQuickStart" */;
			buildPhases = (
				B8A3DE6C2C60150900F3233E /* Sources */,
				B8A3DE6D2C60150900F3233E /* Frameworks */,
				B8A3DE6E2C60150900F3233E /* Resources */,
			);
			buildRules = (
			);
			dependencies = (
			);
			name = UserManagementQuickStart;
			packageProductDependencies = (
				B8A3DE822C60166B00F3233E /* Supabase */,
				B8CF60CA2C69933900907290 /* Adhan */,
			);
			productName = UserManagementQuickStart;
			productReference = B8A3DE702C60150900F3233E /* UserManagementQuickStart.app */;
			productType = "com.apple.product-type.application";
		};
/* End PBXNativeTarget section */

/* Begin PBXProject section */
		B8A3DE682C60150900F3233E /* Project object */ = {
			isa = PBXProject;
			attributes = {
				BuildIndependentTargetsInParallel = 1;
				LastSwiftUpdateCheck = 1540;
				LastUpgradeCheck = 1540;
				TargetAttributes = {
					B8A3DE6F2C60150900F3233E = {
						CreatedOnToolsVersion = 15.4;
					};
				};
			};
			buildConfigurationList = B8A3DE6B2C60150900F3233E /* Build configuration list for PBXProject "UserManagementQuickStart" */;
			compatibilityVersion = "Xcode 14.0";
			developmentRegion = en;
			hasScannedForEncodings = 0;
			knownRegions = (
				en,
				Base,
			);
			mainGroup = B8A3DE672C60150900F3233E;
			packageReferences = (
				B8A3DE812C60166B00F3233E /* XCRemoteSwiftPackageReference "supabase-swift" */,
				B8CF60C92C69933900907290 /* XCRemoteSwiftPackageReference "adhan-swift" */,
			);
			productRefGroup = B8A3DE712C60150900F3233E /* Products */;
			projectDirPath = "";
			projectRoot = "";
			targets = (
				B8A3DE6F2C60150900F3233E /* UserManagementQuickStart */,
			);
		};
/* End PBXProject section */

/* Begin PBXResourcesBuildPhase section */
		B8A3DE6E2C60150900F3233E /* Resources */ = {
			isa = PBXResourcesBuildPhase;
			buildActionMask = 2147483647;
			files = (
				B8A3DE7B2C60150B00F3233E /* Preview Assets.xcassets in Resources */,
				B8A3DE782C60150B00F3233E /* Assets.xcassets in Resources */,
			);
			runOnlyForDeploymentPostprocessing = 0;
		};
/* End PBXResourcesBuildPhase section */

/* Begin PBXSourcesBuildPhase section */
		B8A3DE6C2C60150900F3233E /* Sources */ = {
			isa = PBXSourcesBuildPhase;
			buildActionMask = 2147483647;
			files = (
				B8350A592C797A4B008BD44B /* AppSecureField.swift in Sources */,
				B846311D2C73BAE200BB5B6E /* UserDefaultsFunctions.swift in Sources */,
				B846311F2C73D19A00BB5B6E /* LocationView.swift in Sources */,
				B8350A5D2C797D71008BD44B /* RegistrationView.swift in Sources */,
				B8A3DE852C60169200F3233E /* Supabase.swift in Sources */,
				B8A3DE902C60A79C00F3233E /* AvatarImage.swift in Sources */,
				B8CF60D12C6AC98100907290 /* ContentView.swift in Sources */,
				B8A3DE8A2C608E2D00F3233E /* ProfileView.swift in Sources */,
				B8A3DE962C61A0FE00F3233E /* Leaderboards.swift in Sources */,
				B8A3DE8E2C60A5F600F3233E /* AppView.swift in Sources */,
				B8A3DE9A2C61C32200F3233E /* ListingView.swift in Sources */,
				B8A3DE8C2C608ECE00F3233E /* Models.swift in Sources */,
				B8A3DE942C614F9F00F3233E /* SupabaseFunctions.swift in Sources */,
				B8350A562C797838008BD44B /* AppTextField.swift in Sources */,
				B8A3DE982C61A20C00F3233E /* LeaderBoardCell.swift in Sources */,
				B8350A5B2C797AB5008BD44B /* SignInView.swift in Sources */,
				B8CF60D32C6ACBA500907290 /* LocationManager.swift in Sources */,
				B8A3DE872C60899B00F3233E /* AuthView.swift in Sources */,
				B8A3DE922C614A3E00F3233E /* GameView.swift in Sources */,
				B8A3DE742C60150900F3233E /* UserManagementQuickStartApp.swift in Sources */,
				B84631212C73D3D200BB5B6E /* MyCoordinatesModel.swift in Sources */,
			);
			runOnlyForDeploymentPostprocessing = 0;
		};
/* End PBXSourcesBuildPhase section */

/* Begin XCBuildConfiguration section */
		B8A3DE7C2C60150B00F3233E /* Debug */ = {
			isa = XCBuildConfiguration;
			buildSettings = {
				ALWAYS_SEARCH_USER_PATHS = NO;
				ASSETCATALOG_COMPILER_GENERATE_SWIFT_ASSET_SYMBOL_EXTENSIONS = YES;
				CLANG_ANALYZER_NONNULL = YES;
				CLANG_ANALYZER_NUMBER_OBJECT_CONVERSION = YES_AGGRESSIVE;
				CLANG_CXX_LANGUAGE_STANDARD = "gnu++20";
				CLANG_ENABLE_MODULES = YES;
				CLANG_ENABLE_OBJC_ARC = YES;
				CLANG_ENABLE_OBJC_WEAK = YES;
				CLANG_WARN_BLOCK_CAPTURE_AUTORELEASING = YES;
				CLANG_WARN_BOOL_CONVERSION = YES;
				CLANG_WARN_COMMA = YES;
				CLANG_WARN_CONSTANT_CONVERSION = YES;
				CLANG_WARN_DEPRECATED_OBJC_IMPLEMENTATIONS = YES;
				CLANG_WARN_DIRECT_OBJC_ISA_USAGE = YES_ERROR;
				CLANG_WARN_DOCUMENTATION_COMMENTS = YES;
				CLANG_WARN_EMPTY_BODY = YES;
				CLANG_WARN_ENUM_CONVERSION = YES;
				CLANG_WARN_INFINITE_RECURSION = YES;
				CLANG_WARN_INT_CONVERSION = YES;
				CLANG_WARN_NON_LITERAL_NULL_CONVERSION = YES;
				CLANG_WARN_OBJC_IMPLICIT_RETAIN_SELF = YES;
				CLANG_WARN_OBJC_LITERAL_CONVERSION = YES;
				CLANG_WARN_OBJC_ROOT_CLASS = YES_ERROR;
				CLANG_WARN_QUOTED_INCLUDE_IN_FRAMEWORK_HEADER = YES;
				CLANG_WARN_RANGE_LOOP_ANALYSIS = YES;
				CLANG_WARN_STRICT_PROTOTYPES = YES;
				CLANG_WARN_SUSPICIOUS_MOVE = YES;
				CLANG_WARN_UNGUARDED_AVAILABILITY = YES_AGGRESSIVE;
				CLANG_WARN_UNREACHABLE_CODE = YES;
				CLANG_WARN__DUPLICATE_METHOD_MATCH = YES;
				COPY_PHASE_STRIP = NO;
				DEBUG_INFORMATION_FORMAT = dwarf;
				ENABLE_STRICT_OBJC_MSGSEND = YES;
				ENABLE_TESTABILITY = YES;
				ENABLE_USER_SCRIPT_SANDBOXING = YES;
				GCC_C_LANGUAGE_STANDARD = gnu17;
				GCC_DYNAMIC_NO_PIC = NO;
				GCC_NO_COMMON_BLOCKS = YES;
				GCC_OPTIMIZATION_LEVEL = 0;
				GCC_PREPROCESSOR_DEFINITIONS = (
					"DEBUG=1",
					"$(inherited)",
				);
				GCC_WARN_64_TO_32_BIT_CONVERSION = YES;
				GCC_WARN_ABOUT_RETURN_TYPE = YES_ERROR;
				GCC_WARN_UNDECLARED_SELECTOR = YES;
				GCC_WARN_UNINITIALIZED_AUTOS = YES_AGGRESSIVE;
				GCC_WARN_UNUSED_FUNCTION = YES;
				GCC_WARN_UNUSED_VARIABLE = YES;
				IPHONEOS_DEPLOYMENT_TARGET = 17.5;
				LOCALIZATION_PREFERS_STRING_CATALOGS = YES;
				MTL_ENABLE_DEBUG_INFO = INCLUDE_SOURCE;
				MTL_FAST_MATH = YES;
				ONLY_ACTIVE_ARCH = YES;
				SDKROOT = iphoneos;
				SWIFT_ACTIVE_COMPILATION_CONDITIONS = "DEBUG $(inherited)";
				SWIFT_OPTIMIZATION_LEVEL = "-Onone";
			};
			name = Debug;
		};
		B8A3DE7D2C60150B00F3233E /* Release */ = {
			isa = XCBuildConfiguration;
			buildSettings = {
				ALWAYS_SEARCH_USER_PATHS = NO;
				ASSETCATALOG_COMPILER_GENERATE_SWIFT_ASSET_SYMBOL_EXTENSIONS = YES;
				CLANG_ANALYZER_NONNULL = YES;
				CLANG_ANALYZER_NUMBER_OBJECT_CONVERSION = YES_AGGRESSIVE;
				CLANG_CXX_LANGUAGE_STANDARD = "gnu++20";
				CLANG_ENABLE_MODULES = YES;
				CLANG_ENABLE_OBJC_ARC = YES;
				CLANG_ENABLE_OBJC_WEAK = YES;
				CLANG_WARN_BLOCK_CAPTURE_AUTORELEASING = YES;
				CLANG_WARN_BOOL_CONVERSION = YES;
				CLANG_WARN_COMMA = YES;
				CLANG_WARN_CONSTANT_CONVERSION = YES;
				CLANG_WARN_DEPRECATED_OBJC_IMPLEMENTATIONS = YES;
				CLANG_WARN_DIRECT_OBJC_ISA_USAGE = YES_ERROR;
				CLANG_WARN_DOCUMENTATION_COMMENTS = YES;
				CLANG_WARN_EMPTY_BODY = YES;
				CLANG_WARN_ENUM_CONVERSION = YES;
				CLANG_WARN_INFINITE_RECURSION = YES;
				CLANG_WARN_INT_CONVERSION = YES;
				CLANG_WARN_NON_LITERAL_NULL_CONVERSION = YES;
				CLANG_WARN_OBJC_IMPLICIT_RETAIN_SELF = YES;
				CLANG_WARN_OBJC_LITERAL_CONVERSION = YES;
				CLANG_WARN_OBJC_ROOT_CLASS = YES_ERROR;
				CLANG_WARN_QUOTED_INCLUDE_IN_FRAMEWORK_HEADER = YES;
				CLANG_WARN_RANGE_LOOP_ANALYSIS = YES;
				CLANG_WARN_STRICT_PROTOTYPES = YES;
				CLANG_WARN_SUSPICIOUS_MOVE = YES;
				CLANG_WARN_UNGUARDED_AVAILABILITY = YES_AGGRESSIVE;
				CLANG_WARN_UNREACHABLE_CODE = YES;
				CLANG_WARN__DUPLICATE_METHOD_MATCH = YES;
				COPY_PHASE_STRIP = NO;
				DEBUG_INFORMATION_FORMAT = "dwarf-with-dsym";
				ENABLE_NS_ASSERTIONS = NO;
				ENABLE_STRICT_OBJC_MSGSEND = YES;
				ENABLE_USER_SCRIPT_SANDBOXING = YES;
				GCC_C_LANGUAGE_STANDARD = gnu17;
				GCC_NO_COMMON_BLOCKS = YES;
				GCC_WARN_64_TO_32_BIT_CONVERSION = YES;
				GCC_WARN_ABOUT_RETURN_TYPE = YES_ERROR;
				GCC_WARN_UNDECLARED_SELECTOR = YES;
				GCC_WARN_UNINITIALIZED_AUTOS = YES_AGGRESSIVE;
				GCC_WARN_UNUSED_FUNCTION = YES;
				GCC_WARN_UNUSED_VARIABLE = YES;
				IPHONEOS_DEPLOYMENT_TARGET = 17.5;
				LOCALIZATION_PREFERS_STRING_CATALOGS = YES;
				MTL_ENABLE_DEBUG_INFO = NO;
				MTL_FAST_MATH = YES;
				SDKROOT = iphoneos;
				SWIFT_COMPILATION_MODE = wholemodule;
				VALIDATE_PRODUCT = YES;
			};
			name = Release;
		};
		B8A3DE7F2C60150B00F3233E /* Debug */ = {
			isa = XCBuildConfiguration;
			buildSettings = {
				ASSETCATALOG_COMPILER_APPICON_NAME = AppIcon;
				ASSETCATALOG_COMPILER_GLOBAL_ACCENT_COLOR_NAME = AccentColor;
				CODE_SIGN_STYLE = Automatic;
				CURRENT_PROJECT_VERSION = 1;
				DEVELOPMENT_ASSET_PATHS = "\"UserManagementQuickStart/Preview Content\"";
				DEVELOPMENT_TEAM = 3WQP5XHZNL;
				ENABLE_PREVIEWS = YES;
				GENERATE_INFOPLIST_FILE = YES;
				INFOPLIST_FILE = UserManagementQuickStart/Info.plist;
				INFOPLIST_KEY_NSLocationWhenInUseUsageDescription = "Just allow it bro";
				INFOPLIST_KEY_UIApplicationSceneManifest_Generation = YES;
				INFOPLIST_KEY_UIApplicationSupportsIndirectInputEvents = YES;
				INFOPLIST_KEY_UILaunchScreen_Generation = YES;
				INFOPLIST_KEY_UISupportedInterfaceOrientations_iPad = "UIInterfaceOrientationPortrait UIInterfaceOrientationPortraitUpsideDown UIInterfaceOrientationLandscapeLeft UIInterfaceOrientationLandscapeRight";
				INFOPLIST_KEY_UISupportedInterfaceOrientations_iPhone = "UIInterfaceOrientationPortrait UIInterfaceOrientationLandscapeLeft UIInterfaceOrientationLandscapeRight";
				LD_RUNPATH_SEARCH_PATHS = (
					"$(inherited)",
					"@executable_path/Frameworks",
				);
				MARKETING_VERSION = 1.0;
				PRODUCT_BUNDLE_IDENTIFIER = com.zaid.UserManagementQuickStart;
				PRODUCT_NAME = "$(TARGET_NAME)";
				SWIFT_EMIT_LOC_STRINGS = YES;
				SWIFT_VERSION = 5.0;
				TARGETED_DEVICE_FAMILY = "1,2";
			};
			name = Debug;
		};
		B8A3DE802C60150B00F3233E /* Release */ = {
			isa = XCBuildConfiguration;
			buildSettings = {
				ASSETCATALOG_COMPILER_APPICON_NAME = AppIcon;
				ASSETCATALOG_COMPILER_GLOBAL_ACCENT_COLOR_NAME = AccentColor;
				CODE_SIGN_STYLE = Automatic;
				CURRENT_PROJECT_VERSION = 1;
				DEVELOPMENT_ASSET_PATHS = "\"UserManagementQuickStart/Preview Content\"";
				DEVELOPMENT_TEAM = 3WQP5XHZNL;
				ENABLE_PREVIEWS = YES;
				GENERATE_INFOPLIST_FILE = YES;
				INFOPLIST_FILE = UserManagementQuickStart/Info.plist;
				INFOPLIST_KEY_NSLocationWhenInUseUsageDescription = "Just allow it bro";
				INFOPLIST_KEY_UIApplicationSceneManifest_Generation = YES;
				INFOPLIST_KEY_UIApplicationSupportsIndirectInputEvents = YES;
				INFOPLIST_KEY_UILaunchScreen_Generation = YES;
				INFOPLIST_KEY_UISupportedInterfaceOrientations_iPad = "UIInterfaceOrientationPortrait UIInterfaceOrientationPortraitUpsideDown UIInterfaceOrientationLandscapeLeft UIInterfaceOrientationLandscapeRight";
				INFOPLIST_KEY_UISupportedInterfaceOrientations_iPhone = "UIInterfaceOrientationPortrait UIInterfaceOrientationLandscapeLeft UIInterfaceOrientationLandscapeRight";
				LD_RUNPATH_SEARCH_PATHS = (
					"$(inherited)",
					"@executable_path/Frameworks",
				);
				MARKETING_VERSION = 1.0;
				PRODUCT_BUNDLE_IDENTIFIER = com.zaid.UserManagementQuickStart;
				PRODUCT_NAME = "$(TARGET_NAME)";
				SWIFT_EMIT_LOC_STRINGS = YES;
				SWIFT_VERSION = 5.0;
				TARGETED_DEVICE_FAMILY = "1,2";
			};
			name = Release;
		};
/* End XCBuildConfiguration section */

/* Begin XCConfigurationList section */
		B8A3DE6B2C60150900F3233E /* Build configuration list for PBXProject "UserManagementQuickStart" */ = {
			isa = XCConfigurationList;
			buildConfigurations = (
				B8A3DE7C2C60150B00F3233E /* Debug */,
				B8A3DE7D2C60150B00F3233E /* Release */,
			);
			defaultConfigurationIsVisible = 0;
			defaultConfigurationName = Release;
		};
		B8A3DE7E2C60150B00F3233E /* Build configuration list for PBXNativeTarget "UserManagementQuickStart" */ = {
			isa = XCConfigurationList;
			buildConfigurations = (
				B8A3DE7F2C60150B00F3233E /* Debug */,
				B8A3DE802C60150B00F3233E /* Release */,
			);
			defaultConfigurationIsVisible = 0;
			defaultConfigurationName = Release;
		};
/* End XCConfigurationList section */

/* Begin XCRemoteSwiftPackageReference section */
		B8A3DE812C60166B00F3233E /* XCRemoteSwiftPackageReference "supabase-swift" */ = {
			isa = XCRemoteSwiftPackageReference;
			repositoryURL = "https://github.com/supabase/supabase-swift";
			requirement = {
				kind = upToNextMajorVersion;
				minimumVersion = 2.5.1;
			};
		};
		B8CF60C92C69933900907290 /* XCRemoteSwiftPackageReference "adhan-swift" */ = {
			isa = XCRemoteSwiftPackageReference;
			repositoryURL = "https://github.com/batoulapps/adhan-swift";
			requirement = {
				kind = upToNextMajorVersion;
				minimumVersion = 1.4.0;
			};
		};
/* End XCRemoteSwiftPackageReference section */

/* Begin XCSwiftPackageProductDependency section */
		B8A3DE822C60166B00F3233E /* Supabase */ = {
			isa = XCSwiftPackageProductDependency;
			package = B8A3DE812C60166B00F3233E /* XCRemoteSwiftPackageReference "supabase-swift" */;
			productName = Supabase;
		};
		B8CF60CA2C69933900907290 /* Adhan */ = {
			isa = XCSwiftPackageProductDependency;
			package = B8CF60C92C69933900907290 /* XCRemoteSwiftPackageReference "adhan-swift" */;
			productName = Adhan;
		};
/* End XCSwiftPackageProductDependency section */
	};
	rootObject = B8A3DE682C60150900F3233E /* Project object */;
}
